
Microsoft Visual Studio Solution File, Format Version 12.00
# Visual Studio 14
VisualStudioVersion = 14.0.25420.1
MinimumVisualStudioVersion = 10.0.40219.1
Project("{8BC9CEB8-8B4A-11D0-8D11-00A0C91BC942}") = "malla", "malla\malla.vcxproj", "{F911946E-A110-4D41-A3B7-131D9ECED471}"
EndProject
Global
	GlobalSection(SolutionConfigurationPlatforms) = preSolution
		Debug|x64 = Debug|x64
		Debug|x86 = Debug|x86
		Release|x64 = Release|x64
		Release|x86 = Release|x86
	EndGlobalSection
	GlobalSection(ProjectConfigurationPlatforms) = postSolution
		{F911946E-A110-4D41-A3B7-131D9ECED471}.Debug|x64.ActiveCfg = Debug|x64
		{F911946E-A110-4D41-A3B7-131D9ECED471}.Debug|x64.Build.0 = Debug|x64
		{F911946E-A110-4D41-A3B7-131D9ECED471}.Debug|x86.ActiveCfg = Debug|Win32
		{F911946E-A110-4D41-A3B7-131D9ECED471}.Debug|x86.Build.0 = Debug|Win32
		{F911946E-A110-4D41-A3B7-131D9ECED471}.Release|x64.ActiveCfg = Release|x64
		{F911946E-A110-4D41-A3B7-131D9ECED471}.Release|x64.Build.0 = Release|x64
		{F911946E-A110-4D41-A3B7-131D9ECED471}.Release|x86.ActiveCfg = Release|Win32
		{F911946E-A110-4D41-A3B7-131D9ECED471}.Release|x86.Build.0 = Release|Win32
	EndGlobalSection
	GlobalSection(SolutionProperties) = preSolution
		HideSolutionNode = FALSE
	EndGlobalSection
EndGlobal
